version = 1
revision = 3
requires-python = "==3.13.*"

[[package]]
name = "aiofiles"
version = "25.1.0"
source = { registry = "https://pypi.org/simple" }
sdist = { url = "https://files.pythonhosted.org/packages/41/c3/534eac40372d8ee36ef40df62ec129bee4fdb5ad9706e58a29be53b2c970/aiofiles-25.1.0.tar.gz", hash = "sha256:a8d728f0a29de45dc521f18f07297428d56992a742f0cd2701ba86e44d23d5b2", size = 46354, upload-time = "2025-10-09T20:51:04.358Z" }
wheels = [
    { url = "https://files.pythonhosted.org/packages/bc/8a/340a1555ae33d7354dbca4faa54948d76d89a27ceef032c8c3bc661d003e/aiofiles-25.1.0-py3-none-any.whl", hash = "sha256:abe311e527c862958650f9438e859c1fa7568a141b22abcd015e120e86a85695", size = 14668, upload-time = "2025-10-09T20:51:03.174Z" },
]

[[package]]
name = "anyio"
version = "4.14.0"
source = { registry = "https://pypi.org/simple" }
dependencies = [
    { name = "idna" },
]
sdist = { url = "https://files.pythonhosted.org/packages/1c/b5/001890774a9552aff22502b8da382593109ce0c95314abaebbb116567545/anyio-4.14.0.tar.gz", hash = "sha256:b47c1f9ccf73e67021df785332508f99379c68fa7d0684e8e3492cb1d4b23f89", size = 253586, upload-time = "2026-06-15T22:00:49.021Z" }
wheels = [
    { url = "https://files.pythonhosted.org/packages/ba/16/9826f089383c593cdfc4a6e5aca94d9e91ae1692c57af82c3b2aa5e810f7/anyio-4.14.0-py3-none-any.whl", hash = "sha256:dd9b7a2a9799ed6552fde617b2c5df02b7fdd7d88392fc48101e51bae46164d9", size = 123506, upload-time = "2026-06-15T22:00:47.595Z" },
]

[[package]]
name = "audible"
version = "0.10.0"
source = { registry = "https://pypi.org/simple" }
dependencies = [
    { name = "beautifulsoup4" },
    { name = "httpx" },
    { name = "pbkdf2" },
    { name = "pillow" },
    { name = "pyaes" },
    { name = "rsa" },
]
sdist = { url = "https://files.pythonhosted.org/packages/31/3e/2dd2d81116b81d91fca4bdff86e2dfd41fc8668655e228ab3979beb0d03a/audible-0.10.0.tar.gz", hash = "sha256:125b3accc9ffbda020dd25818264cabe5d748a40559cb9b9c10611d87bb14ebb", size = 43286, upload-time = "2024-09-26T15:36:40.724Z" }
wheels = [
    { url = "https://files.pythonhosted.org/packages/40/8e/b89637aeb78f5cc9914a136fe8602ec314b94ea441d92766b0b17d803810/audible-0.10.0-py3-none-any.whl", hash = "sha256:5f59082c0bb07f111a31b86358e07719d57c159bbc144c2724bec0d35a8e7e2c", size = 46636, upload-time = "2024-09-26T15:36:39.12Z" },
]

[[package]]
name = "audible-cli"
version = "0.3.3"
source = { registry = "https://pypi.org/simple" }
dependencies = [
    { name = "aiofiles" },
    { name = "audible" },
    { name = "click" },
    { name = "colorama", marker = "sys_platform == 'win32'" },
    { name = "httpx" },
    { name = "packaging" },
    { name = "pillow" },
    { name = "questionary" },
    { name = "tabulate" },
    { name = "toml" },
    { name = "tqdm" },
]
sdist = { url = "https://files.pythonhosted.org/packages/c0/c6/ac6d2a6bd3e0d6aae672f6f4cc294dfd2c4739de002621fa3ff8784bdb8d/audible_cli-0.3.3.tar.gz", hash = "sha256:05e906551e027cae9c5e69b97f4fecf78ad97a43d993764c54bfb2aabe1a231a", size = 50452, upload-time = "2025-08-14T17:30:03.906Z" }
wheels = [
    { url = "https://files.pythonhosted.org/packages/90/f3/4094eab733d4b54f87f51335177742311cb9d9d4d0807e458c6dc1b5bf88/audible_cli-0.3.3-py3-none-any.whl", hash = "sha256:2645ba318c2906f98d97ba4816e2818962e6f8ba70ec73f04224c44c2b85ec97", size = 58901, upload-time = "2025-08-14T17:30:02.986Z" },
]

[[package]]
name = "audible-workflow"
version = "0.1.0"
source = { virtual = "." }
dependencies = [
    { name = "audible-cli" },
]

[package.metadata]
requires-dist = [{ name = "audible-cli", specifier = "==0.3.3" }]

[[package]]
name = "beautifulsoup4"
version = "4.15.0"
source = { registry = "https://pypi.org/simple" }
dependencies = [
    { name = "soupsieve" },
    { name = "typing-extensions" },
]
sdist = { url = "https://files.pythonhosted.org/packages/43/65/318323f98dbee45d42dff61d8f047181bc6f2268a9068cfad035a46be5af/beautifulsoup4-4.15.0.tar.gz", hash = "sha256:288e3ca7d54b06f2ac191970bc275c1939cb46d450b255bf6718b04aa37ab4f7", size = 632571, upload-time = "2026-06-07T16:44:20.453Z" }
wheels = [
    { url = "https://files.pythonhosted.org/packages/88/c6/92fcd42f1ba33e1184263f25bfabf3d27c383410470f169e4b8163bf9c17/beautifulsoup4-4.15.0-py3-none-any.whl", hash = "sha256:d6f88de62e1d4e38ecb1077eb9724cd0eff29d2a08ca16a401e9b9e93f117cf9", size = 109924, upload-time = "2026-06-07T16:44:21.566Z" },
]

[[package]]
name = "certifi"
version = "2026.6.17"
source = { registry = "https://pypi.org/simple" }
sdist = { url = "https://files.pythonhosted.org/packages/c9/c7/424b75da314c1045981bd9777432fad05a9e0c69daa4ed7e308bbaffe405/certifi-2026.6.17.tar.gz", hash = "sha256:024c88eeec92ca068db80f02b8b07c9cef7b9fe261d1d535abfd5abd6f6af432", size = 134594, upload-time = "2026-06-17T10:31:07.894Z" }
wheels = [
    { url = "https://files.pythonhosted.org/packages/ef/2f/c5464532e965badff2f4c4c1a3a83f5697f0d7c407ed0cda44aaa99bb451/certifi-2026.6.17-py3-none-any.whl", hash = "sha256:2227dcbaafe0d2f59279d1762ddddc37783ed4354594f194ffc31d20f41fc3db", size = 133289, upload-time = "2026-06-17T10:31:06.348Z" },
]

[[package]]
name = "click"
version = "8.4.1"
source = { registry = "https://pypi.org/simple" }
dependencies = [
    { name = "colorama", marker = "sys_platform == 'win32'" },
]
sdist = { url = "https://files.pythonhosted.org/packages/9b/98/518d8e5081007684232226f475082b30087d0f585e8457db087298259f49/click-8.4.1.tar.gz", hash = "sha256:918b5633eddf6b41c32d4f454bf0de810065c74e3f7dbf8ee5452f8be88d3e96", size = 353007, upload-time = "2026-05-22T04:08:37.769Z" }
wheels = [
    { url = "https://files.pythonhosted.org/packages/c7/0d/67e5b4109ea4a837e80daa87c2c696711955e40449a97e8926672534def2/click-8.4.1-py3-none-any.whl", hash = "sha256:482be17c6991b8c19c5429a1e995d9b0efdbb63172824c41f99965dc0ade8ec2", size = 116639, upload-time = "2026-05-22T04:08:35.26Z" },
]

[[package]]
name = "colorama"
version = "0.4.6"
source = { registry = "https://pypi.org/simple" }
sdist = { url = "https://files.pythonhosted.org/packages/d8/53/6f443c9a4a8358a93a6792e2acffb9d9d5cb0a5cfd8802644b7b1c9a02e4/colorama-0.4.6.tar.gz", hash = "sha256:08695f5cb7ed6e0531a20572697297273c47b8cae5a63ffc6d6ed5c201be6e44", size = 27697, upload-time = "2022-10-25T02:36:22.414Z" }
wheels = [
    { url = "https://files.pythonhosted.org/packages/d1/d6/3965ed04c63042e047cb6a3e6ed1a63a35087b6a609aa3a15ed8ac56c221/colorama-0.4.6-py2.py3-none-any.whl", hash = "sha256:4f1d9991f5acc0ca119f9d443620b77f9d6b33703e51011c16baf57afb285fc6", size = 25335, upload-time = "2022-10-25T02:36:20.889Z" },
]

[[package]]
name = "h11"
version = "0.16.0"
source = { registry = "https://pypi.org/simple" }
sdist = { url = "https://files.pythonhosted.org/packages/01/ee/02a2c011bdab74c6fb3c75474d40b3052059d95df7e73351460c8588d963/h11-0.16.0.tar.gz", hash = "sha256:4e35b956cf45792e4caa5885e69fba00bdbc6ffafbfa020300e549b208ee5ff1", size = 101250, upload-time = "2025-04-24T03:35:25.427Z" }
wheels = [
    { url = "https://files.pythonhosted.org/packages/04/4b/29cac41a4d98d144bf5f6d33995617b185d14b22401f75ca86f384e87ff1/h11-0.16.0-py3-none-any.whl", hash = "sha256:63cf8bbe7522de3bf65932fda1d9c2772064ffb3dae62d55932da54b31cb6c86", size = 37515, upload-time = "2025-04-24T03:35:24.344Z" },
]

[[package]]
name = "httpcore"
version = "1.0.9"
source = { registry = "https://pypi.org/simple" }
dependencies = [
    { name = "certifi" },
    { name = "h11" },
]
sdist = { url = "https://files.pythonhosted.org/packages/06/94/82699a10bca87a5556c9c59b5963f2d039dbd239f25bc2a63907a05a14cb/httpcore-1.0.9.tar.gz", hash = "sha256:6e34463af53fd2ab5d807f399a9b45ea31c3dfa2276f15a2c3f00afff6e176e8", size = 85484, upload-time = "2025-04-24T22:06:22.219Z" }
wheels = [
    { url = "https://files.pythonhosted.org/packages/7e/f5/f66802a942d491edb555dd61e3a9961140fd64c90bce1eafd741609d334d/httpcore-1.0.9-py3-none-any.whl", hash = "sha256:2d400746a40668fc9dec9810239072b40b4484b640a8c38fd654a024c7a1bf55", size = 78784, upload-time = "2025-04-24T22:06:20.566Z" },
]

[[package]]
name = "httpx"
version = "0.27.2"
source = { registry = "https://pypi.org/simple" }
dependencies = [
    { name = "anyio" },
    { name = "certifi" },
    { name = "httpcore" },
    { name = "idna" },
    { name = "sniffio" },
]
sdist = { url = "https://files.pythonhosted.org/packages/78/82/08f8c936781f67d9e6b9eeb8a0c8b4e406136ea4c3d1f89a5db71d42e0e6/httpx-0.27.2.tar.gz", hash = "sha256:f7c2be1d2f3c3c3160d441802406b206c2b76f5947b11115e6df10c6c65e66c2", size = 144189, upload-time = "2024-08-27T12:54:01.334Z" }
wheels = [
    { url = "https://files.pythonhosted.org/packages/56/95/9377bcb415797e44274b51d46e3249eba641711cf3348050f76ee7b15ffc/httpx-0.27.2-py3-none-any.whl", hash = "sha256:7bb2708e112d8fdd7829cd4243970f0c223274051cb35ee80c03301ee29a3df0", size = 76395, upload-time = "2024-08-27T12:53:59.653Z" },
]

[[package]]
name = "idna"
version = "3.18"
source = { registry = "https://pypi.org/simple" }
sdist = { url = "https://files.pythonhosted.org/packages/cd/63/9496c57188a2ee585e0f1db071d75089a11e98aa86eb99d9d7618fc1edce/idna-3.18.tar.gz", hash = "sha256:ffb385a7e039654cef1ab9ef32c6fafe283c0c0467bba1d9029738ce4a14a848", size = 196711, upload-time = "2026-06-02T14:34:07.794Z" }
wheels = [
    { url = "https://files.pythonhosted.org/packages/1e/5e/d4e9f1a599fb8e573b7b87160658329fbf28d19eac2718f51fc3def3aa5a/idna-3.18-py3-none-any.whl", hash = "sha256:7f952cbe720b688055e3f87de14f5c3e5fdaa8bc3928985c4077ca689de849a2", size = 65455, upload-time = "2026-06-02T14:34:06.319Z" },
]

[[package]]
name = "packaging"
version = "26.2"
source = { registry = "https://pypi.org/simple" }
sdist = { url = "https://files.pythonhosted.org/packages/d7/f1/e7a6dd94a8d4a5626c03e4e99c87f241ba9e350cd9e6d75123f992427270/packaging-26.2.tar.gz", hash = "sha256:ff452ff5a3e828ce110190feff1178bb1f2ea2281fa2075aadb987c2fb221661", size = 228134, upload-time = "2026-04-24T20:15:23.917Z" }
wheels = [
    { url = "https://files.pythonhosted.org/packages/df/b2/87e62e8c3e2f4b32e5fe99e0b86d576da1312593b39f47d8ceef365e95ed/packaging-26.2-py3-none-any.whl", hash = "sha256:5fc45236b9446107ff2415ce77c807cee2862cb6fac22b8a73826d0693b0980e", size = 100195, upload-time = "2026-04-24T20:15:22.081Z" },
]

[[package]]
name = "pbkdf2"
version = "1.3"
source = { registry = "https://pypi.org/simple" }
sdist = { url = "https://files.pythonhosted.org/packages/02/c0/6a2376ae81beb82eda645a091684c0b0becb86b972def7849ea9066e3d5e/pbkdf2-1.3.tar.gz", hash = "sha256:ac6397369f128212c43064a2b4878038dab78dab41875364554aaf2a684e6979", size = 6360, upload-time = "2011-06-14T05:18:10.981Z" }

[[package]]
name = "pillow"
version = "12.2.0"
source = { registry = "https://pypi.org/simple" }
sdist = { url = "https://files.pythonhosted.org/packages/8c/21/c2bcdd5906101a30244eaffc1b6e6ce71a31bd0742a01eb89e660ebfac2d/pillow-12.2.0.tar.gz", hash = "sha256:a830b1a40919539d07806aa58e1b114df53ddd43213d9c8b75847eee6c0182b5", size = 46987819, upload-time = "2026-04-01T14:46:17.687Z" }
wheels = [
    { url = "https://files.pythonhosted.org/packages/4a/01/53d10cf0dbad820a8db274d259a37ba50b88b24768ddccec07355382d5ad/pillow-12.2.0-cp313-cp313-ios_13_0_arm64_iphoneos.whl", hash = "sha256:8297651f5b5679c19968abefd6bb84d95fe30ef712eb1b2d9b2d31ca61267f4c", size = 4100837, upload-time = "2026-04-01T14:43:41.506Z" },
    { url = "https://files.pythonhosted.org/packages/0f/98/f3a6657ecb698c937f6c76ee564882945f29b79bad496abcba0e84659ec5/pillow-12.2.0-cp313-cp313-ios_13_0_arm64_iphonesimulator.whl", hash = "sha256:50d8520da2a6ce0af445fa6d648c4273c3eeefbc32d7ce049f22e8b5c3daecc2", size = 4176528, upload-time = "2026-04-01T14:43:43.773Z" },
    { url = "https://files.pythonhosted.org/packages/69/bc/8986948f05e3ea490b8442ea1c1d4d990b24a7e43d8a51b2c7d8b1dced36/pillow-12.2.0-cp313-cp313-ios_13_0_x86_64_iphonesimulator.whl", hash = "sha256:766cef22385fa1091258ad7e6216792b156dc16d8d3fa607e7545b2b72061f1c", size = 3640401, upload-time = "2026-04-01T14:43:45.87Z" },
    { url = "https://files.pythonhosted.org/packages/34/46/6c717baadcd62bc8ed51d238d521ab651eaa74838291bda1f86fe1f864c9/pillow-12.2.0-cp313-cp313-macosx_10_13_x86_64.whl", hash = "sha256:5d2fd0fa6b5d9d1de415060363433f28da8b1526c1c129020435e186794b3795", size = 5308094, upload-time = "2026-04-01T14:43:48.438Z" },
    { url = "https://files.pythonhosted.org/packages/71/43/905a14a8b17fdb1ccb58d282454490662d2cb89a6bfec26af6d3520da5ec/pillow-12.2.0-cp313-cp313-macosx_11_0_arm64.whl", hash = "sha256:56b25336f502b6ed02e889f4ece894a72612fe885889a6e8c4c80239ff6e5f5f", size = 4695402, upload-time = "2026-04-01T14:43:51.292Z" },
    { url = "https://files.pythonhosted.org/packages/73/dd/42107efcb777b16fa0393317eac58f5b5cf30e8392e266e76e51cff28c3d/pillow-12.2.0-cp313-cp313-manylinux2014_aarch64.manylinux_2_17_aarch64.whl", hash = "sha256:f1c943e96e85df3d3478f7b691f229887e143f81fedab9b20205349ab04d73ed", size = 6280005, upload-time = "2026-04-01T14:43:54.242Z" },
    { url = "https://files.pythonhosted.org/packages/a8/68/b93e09e5e8549019e61acf49f65b1a8530765a7f812c77a7461bca7e4494/pillow-12.2.0-cp313-cp313-manylinux2014_x86_64.manylinux_2_17_x86_64.whl", hash = "sha256:03f6fab9219220f041c74aeaa2939ff0062bd5c364ba9ce037197f4c6d498cd9", size = 8090669, upload-time = "2026-04-01T14:43:57.335Z" },
    { url = "https://files.pythonhosted.org/packages/4b/6e/3ccb54ce8ec4ddd1accd2d89004308b7b0b21c4ac3d20fa70af4760a4330/pillow-12.2.0-cp313-cp313-manylinux_2_27_aarch64.manylinux_2_28_aarch64.whl", hash = "sha256:5cdfebd752ec52bf5bb4e35d9c64b40826bc5b40a13df7c3cda20a2c03a0f5ed", size = 6395194, upload-time = "2026-04-01T14:43:59.864Z" },
    { url = "https://files.pythonhosted.org/packages/67/ee/21d4e8536afd1a328f01b359b4d3997b291ffd35a237c877b331c1c3b71c/pillow-12.2.0-cp313-cp313-manylinux_2_27_x86_64.manylinux_2_28_x86_64.whl", hash = "sha256:eedf4b74eda2b5a4b2b2fb4c006d6295df3bf29e459e198c90ea48e130dc75c3", size = 7082423, upload-time = "2026-04-01T14:44:02.74Z" },
    { url = "https://files.pythonhosted.org/packages/78/5f/e9f86ab0146464e8c133fe85df987ed9e77e08b29d8d35f9f9f4d6f917ba/pillow-12.2.0-cp313-cp313-musllinux_1_2_aarch64.whl", hash = "sha256:00a2865911330191c0b818c59103b58a5e697cae67042366970a6b6f1b20b7f9", size = 6505667, upload-time = "2026-04-01T14:44:05.381Z" },
    { url = "https://files.pythonhosted.org/packages/ed/1e/409007f56a2fdce61584fd3acbc2bbc259857d555196cedcadc68c015c82/pillow-12.2.0-cp313-cp313-musllinux_1_2_x86_64.whl", hash = "sha256:1e1757442ed87f4912397c6d35a0db6a7b52592156014706f17658ff58bbf795", size = 7208580, upload-time = "2026-04-01T14:44:08.39Z" },
    { url = "https://files.pythonhosted.org/packages/23/c4/7349421080b12fb35414607b8871e9534546c128a11965fd4a7002ccfbee/pillow-12.2.0-cp313-cp313-win32.whl", hash = "sha256:144748b3af2d1b358d41286056d0003f47cb339b8c43a9ea42f5fea4d8c66b6e", size = 6375896, upload-time = "2026-04-01T14:44:11.197Z" },
    { url = "https://files.pythonhosted.org/packages/3f/82/8a3739a5e470b3c6cbb1d21d315800d8e16bff503d1f16b03a4ec3212786/pillow-12.2.0-cp313-cp313-win_amd64.whl", hash = "sha256:390ede346628ccc626e5730107cde16c42d3836b89662a115a921f28440e6a3b", size = 7081266, upload-time = "2026-04-01T14:44:13.947Z" },
    { url = "https://files.pythonhosted.org/packages/c3/25/f968f618a062574294592f668218f8af564830ccebdd1fa6200f598e65c5/pillow-12.2.0-cp313-cp313-win_arm64.whl", hash = "sha256:8023abc91fba39036dbce14a7d6535632f99c0b857807cbbbf21ecc9f4717f06", size = 2463508, upload-time = "2026-04-01T14:44:16.312Z" },
    { url = "https://files.pythonhosted.org/packages/4d/a4/b342930964e3cb4dce5038ae34b0eab4653334995336cd486c5a8c25a00c/pillow-12.2.0-cp313-cp313t-macosx_10_13_x86_64.whl", hash = "sha256:042db20a421b9bafecc4b84a8b6e444686bd9d836c7fd24542db3e7df7baad9b", size = 5309927, upload-time = "2026-04-01T14:44:18.89Z" },
    { url = "https://files.pythonhosted.org/packages/9f/de/23198e0a65a9cf06123f5435a5d95cea62a635697f8f03d134d3f3a96151/pillow-12.2.0-cp313-cp313t-macosx_11_0_arm64.whl", hash = "sha256:dd025009355c926a84a612fecf58bb315a3f6814b17ead51a8e48d3823d9087f", size = 4698624, upload-time = "2026-04-01T14:44:21.115Z" },
    { url = "https://files.pythonhosted.org/packages/01/a6/1265e977f17d93ea37aa28aa81bad4fa597933879fac2520d24e021c8da3/pillow-12.2.0-cp313-cp313t-manylinux2014_aarch64.manylinux_2_17_aarch64.whl", hash = "sha256:88ddbc66737e277852913bd1e07c150cc7bb124539f94c4e2df5344494e0a612", size = 6321252, upload-time = "2026-04-01T14:44:23.663Z" },
    { url = "https://files.pythonhosted.org/packages/3c/83/5982eb4a285967baa70340320be9f88e57665a387e3a53a7f0db8231a0cd/pillow-12.2.0-cp313-cp313t-manylinux2014_x86_64.manylinux_2_17_x86_64.whl", hash = "sha256:d362d1878f00c142b7e1a16e6e5e780f02be8195123f164edf7eddd911eefe7c", size = 8126550, upload-time = "2026-04-01T14:44:26.772Z" },
    { url = "https://files.pythonhosted.org/packages/4e/48/6ffc514adce69f6050d0753b1a18fd920fce8cac87620d5a31231b04bfc5/pillow-12.2.0-cp313-cp313t-manylinux_2_27_aarch64.manylinux_2_28_aarch64.whl", hash = "sha256:2c727a6d53cb0018aadd8018c2b938376af27914a68a492f59dfcaca650d5eea", size = 6433114, upload-time = "2026-04-01T14:44:29.615Z" },
    { url = "https://files.pythonhosted.org/packages/36/a3/f9a77144231fb8d40ee27107b4463e205fa4677e2ca2548e14da5cf18dce/pillow-12.2.0-cp313-cp313t-manylinux_2_27_x86_64.manylinux_2_28_x86_64.whl", hash = "sha256:efd8c21c98c5cc60653bcb311bef2ce0401642b7ce9d09e03a7da87c878289d4", size = 7115667, upload-time = "2026-04-01T14:44:32.773Z" },
    { url = "https://files.pythonhosted.org/packages/c1/fc/ac4ee3041e7d5a565e1c4fd72a113f03b6394cc72ab7089d27608f8aaccb/pillow-12.2.0-cp313-cp313t-musllinux_1_2_aarch64.whl", hash = "sha256:9f08483a632889536b8139663db60f6724bfcb443c96f1b18855860d7d5c0fd4", size = 6538966, upload-time = "2026-04-01T14:44:35.252Z" },
    { url = "https://files.pythonhosted.org/packages/c0/a8/27fb307055087f3668f6d0a8ccb636e7431d56ed0750e07a60547b1e083e/pillow-12.2.0-cp313-cp313t-musllinux_1_2_x86_64.whl", hash = "sha256:dac8d77255a37e81a2efcbd1fc05f1c15ee82200e6c240d7e127e25e365c39ea", size = 7238241, upload-time = "2026-04-01T14:44:37.875Z" },
    { url = "https://files.pythonhosted.org/packages/ad/4b/926ab182c07fccae9fcb120043464e1ff1564775ec8864f21a0ebce6ac25/pillow-12.2.0-cp313-cp313t-win32.whl", hash = "sha256:ee3120ae9dff32f121610bb08e4313be87e03efeadfc6c0d18f89127e24d0c24", size = 6379592, upload-time = "2026-04-01T14:44:40.336Z" },
    { url = "https://files.pythonhosted.org/packages/c2/c4/f9e476451a098181b30050cc4c9a3556b64c02cf6497ea421ac047e89e4b/pillow-12.2.0-cp313-cp313t-win_amd64.whl", hash = "sha256:325ca0528c6788d2a6c3d40e3568639398137346c3d6e66bb61db96b96511c98", size = 7085542, upload-time = "2026-04-01T14:44:43.251Z" },
    { url = "https://files.pythonhosted.org/packages/00/a4/285f12aeacbe2d6dc36c407dfbbe9e96d4a80b0fb710a337f6d2ad978c75/pillow-12.2.0-cp313-cp313t-win_arm64.whl", hash = "sha256:2e5a76d03a6c6dcef67edabda7a52494afa4035021a79c8558e14af25313d453", size = 2465765, upload-time = "2026-04-01T14:44:45.996Z" },
]

[[package]]
name = "prompt-toolkit"
version = "3.0.52"
source = { registry = "https://pypi.org/simple" }
dependencies = [
    { name = "wcwidth" },
]
sdist = { url = "https://files.pythonhosted.org/packages/a1/96/06e01a7b38dce6fe1db213e061a4602dd6032a8a97ef6c1a862537732421/prompt_toolkit-3.0.52.tar.gz", hash = "sha256:28cde192929c8e7321de85de1ddbe736f1375148b02f2e17edd840042b1be855", size = 434198, upload-time = "2025-08-27T15:24:02.057Z" }
wheels = [
    { url = "https://files.pythonhosted.org/packages/84/03/0d3ce49e2505ae70cf43bc5bb3033955d2fc9f932163e84dc0779cc47f48/prompt_toolkit-3.0.52-py3-none-any.whl", hash = "sha256:9aac639a3bbd33284347de5ad8d68ecc044b91a762dc39b7c21095fcd6a19955", size = 391431, upload-time = "2025-08-27T15:23:59.498Z" },
]

[[package]]
name = "pyaes"
version = "1.6.1"
source = { registry = "https://pypi.org/simple" }
sdist = { url = "https://files.pythonhosted.org/packages/44/66/2c17bae31c906613795711fc78045c285048168919ace2220daa372c7d72/pyaes-1.6.1.tar.gz", hash = "sha256:02c1b1405c38d3c370b085fb952dd8bea3fadcee6411ad99f312cc129c536d8f", size = 28536, upload-time = "2017-09-20T21:17:54.23Z" }

[[package]]
name = "pyasn1"
version = "0.6.3"
source = { registry = "https://pypi.org/simple" }
sdist = { url = "https://files.pythonhosted.org/packages/5c/5f/6583902b6f79b399c9c40674ac384fd9cd77805f9e6205075f828ef11fb2/pyasn1-0.6.3.tar.gz", hash = "sha256:697a8ecd6d98891189184ca1fa05d1bb00e2f84b5977c481452050549c8a72cf", size = 148685, upload-time = "2026-03-17T01:06:53.382Z" }
wheels = [
    { url = "https://files.pythonhosted.org/packages/5d/a0/7d793dce3fa811fe047d6ae2431c672364b462850c6235ae306c0efd025f/pyasn1-0.6.3-py3-none-any.whl", hash = "sha256:a80184d120f0864a52a073acc6fc642847d0be408e7c7252f31390c0f4eadcde", size = 83997, upload-time = "2026-03-17T01:06:52.036Z" },
]

[[package]]
name = "questionary"
version = "2.1.1"
source = { registry = "https://pypi.org/simple" }
dependencies = [
    { name = "prompt-toolkit" },
]
sdist = { url = "https://files.pythonhosted.org/packages/f6/45/eafb0bba0f9988f6a2520f9ca2df2c82ddfa8d67c95d6625452e97b204a5/questionary-2.1.1.tar.gz", hash = "sha256:3d7e980292bb0107abaa79c68dd3eee3c561b83a0f89ae482860b181c8bd412d", size = 25845, upload-time = "2025-08-28T19:00:20.851Z" }
wheels = [
    { url = "https://files.pythonhosted.org/packages/3c/26/1062c7ec1b053db9e499b4d2d5bc231743201b74051c973dadeac80a8f43/questionary-2.1.1-py3-none-any.whl", hash = "sha256:a51af13f345f1cdea62347589fbb6df3b290306ab8930713bfae4d475a7d4a59", size = 36753, upload-time = "2025-08-28T19:00:19.56Z" },
]

[[package]]
name = "rsa"
version = "4.9.1"
source = { registry = "https://pypi.org/simple" }
dependencies = [
    { name = "pyasn1" },
]
sdist = { url = "https://files.pythonhosted.org/packages/da/8a/22b7beea3ee0d44b1916c0c1cb0ee3af23b700b6da9f04991899d0c555d4/rsa-4.9.1.tar.gz", hash = "sha256:e7bdbfdb5497da4c07dfd35530e1a902659db6ff241e39d9953cad06ebd0ae75", size = 29034, upload-time = "2025-04-16T09:51:18.218Z" }
wheels = [
    { url = "https://files.pythonhosted.org/packages/64/8d/0133e4eb4beed9e425d9a98ed6e081a55d195481b7632472be1af08d2f6b/rsa-4.9.1-py3-none-any.whl", hash = "sha256:68635866661c6836b8d39430f97a996acbd61bfa49406748ea243539fe239762", size = 34696, upload-time = "2025-04-16T09:51:17.142Z" },
]

[[package]]
name = "sniffio"
version = "1.3.1"
source = { registry = "https://pypi.org/simple" }
sdist = { url = "https://files.pythonhosted.org/packages/a2/87/a6771e1546d97e7e041b6ae58d80074f81b7d5121207425c964ddf5cfdbd/sniffio-1.3.1.tar.gz", hash = "sha256:f4324edc670a0f49750a81b895f35c3adb843cca46f0530f79fc1babb23789dc", size = 20372, upload-time = "2024-02-25T23:20:04.057Z" }
wheels = [
    { url = "https://files.pythonhosted.org/packages/e9/44/75a9c9421471a6c4805dbf2356f7c181a29c1879239abab1ea2cc8f38b40/sniffio-1.3.1-py3-none-any.whl", hash = "sha256:2f6da418d1f1e0fddd844478f41680e794e6051915791a034ff65e5f100525a2", size = 10235, upload-time = "2024-02-25T23:20:01.196Z" },
]

[[package]]
name = "soupsieve"
version = "2.8.4"
source = { registry = "https://pypi.org/simple" }
sdist = { url = "https://files.pythonhosted.org/packages/47/2c/0a5f6f8ee0d5589e48c7640213ed5175d52cf540a06725b628cc1a45d6ce/soupsieve-2.8.4.tar.gz", hash = "sha256:e121fd02e975c695e4e9e8774a5ee35d74714b59307868dcc5319ad2d9e3328e", size = 121110, upload-time = "2026-05-24T13:55:57.154Z" }
wheels = [
    { url = "https://files.pythonhosted.org/packages/5e/f5/0c41cb68dcae6b7de4fac4188a3a9589e21fb31df21ea3a2e888db95e6c9/soupsieve-2.8.4-py3-none-any.whl", hash = "sha256:e7e6b0769c8f51ed59acab6e994b00621096cfb1c640a7509295987388fbaf65", size = 37304, upload-time = "2026-05-24T13:55:55.406Z" },
]

[[package]]
name = "tabulate"
version = "0.10.0"
source = { registry = "https://pypi.org/simple" }
sdist = { url = "https://files.pythonhosted.org/packages/46/58/8c37dea7bbf769b20d58e7ace7e5edfe65b849442b00ffcdd56be88697c6/tabulate-0.10.0.tar.gz", hash = "sha256:e2cfde8f79420f6deeffdeda9aaec3b6bc5abce947655d17ac662b126e48a60d", size = 91754, upload-time = "2026-03-04T18:55:34.402Z" }
wheels = [
    { url = "https://files.pythonhosted.org/packages/99/55/db07de81b5c630da5cbf5c7df646580ca26dfaefa593667fc6f2fe016d2e/tabulate-0.10.0-py3-none-any.whl", hash = "sha256:f0b0622e567335c8fabaaa659f1b33bcb6ddfe2e496071b743aa113f8774f2d3", size = 39814, upload-time = "2026-03-04T18:55:31.284Z" },
]

[[package]]
name = "toml"
version = "0.10.2"
source = { registry = "https://pypi.org/simple" }
sdist = { url = "https://files.pythonhosted.org/packages/be/ba/1f744cdc819428fc6b5084ec34d9b30660f6f9daaf70eead706e3203ec3c/toml-0.10.2.tar.gz", hash = "sha256:b3bda1d108d5dd99f4a20d24d9c348e91c4db7ab1b749200bded2f839ccbe68f", size = 22253, upload-time = "2020-11-01T01:40:22.204Z" }
wheels = [
    { url = "https://files.pythonhosted.org/packages/44/6f/7120676b6d73228c96e17f1f794d8ab046fc910d781c8d151120c3f1569e/toml-0.10.2-py2.py3-none-any.whl", hash = "sha256:806143ae5bfb6a3c6e736a764057db0e6a0e05e338b5630894a5f779cabb4f9b", size = 16588, upload-time = "2020-11-01T01:40:20.672Z" },
]

[[package]]
name = "tqdm"
version = "4.68.3"
source = { registry = "https://pypi.org/simple" }
dependencies = [
    { name = "colorama", marker = "sys_platform == 'win32'" },
]
sdist = { url = "https://files.pythonhosted.org/packages/87/d7/0535a28b1f5f24f6612fb3ff1e89fb1a8d160fee0f976e0aa6803862134b/tqdm-4.68.3.tar.gz", hash = "sha256:00dfa48452b6b6cfae3dd9885636c23d3422d1ec97c66d96818cbd5e0821d482", size = 170596, upload-time = "2026-06-17T07:36:52.105Z" }
wheels = [
    { url = "https://files.pythonhosted.org/packages/d8/8e/bb97bb0c71802080bfc8952937d174e49cfc50de5c951dd47b2496f0dcdb/tqdm-4.68.3-py3-none-any.whl", hash = "sha256:39832cc2def2789a6f29df83f172db7416cea70052c0907a57801c5f2fdccb03", size = 78337, upload-time = "2026-06-17T07:36:50.132Z" },
]

[[package]]
name = "typing-extensions"
version = "4.15.0"
source = { registry = "https://pypi.org/simple" }
sdist = { url = "https://files.pythonhosted.org/packages/72/94/1a15dd82efb362ac84269196e94cf00f187f7ed21c242792a923cdb1c61f/typing_extensions-4.15.0.tar.gz", hash = "sha256:0cea48d173cc12fa28ecabc3b837ea3cf6f38c6d1136f85cbaaf598984861466", size = 109391, upload-time = "2025-08-25T13:49:26.313Z" }
wheels = [
    { url = "https://files.pythonhosted.org/packages/18/67/36e9267722cc04a6b9f15c7f3441c2363321a3ea07da7ae0c0707beb2a9c/typing_extensions-4.15.0-py3-none-any.whl", hash = "sha256:f0fa19c6845758ab08074a0cfa8b7aecb71c999ca73d62883bc25cc018c4e548", size = 44614, upload-time = "2025-08-25T13:49:24.86Z" },
]

[[package]]
name = "wcwidth"
version = "0.8.1"
source = { registry = "https://pypi.org/simple" }
sdist = { url = "https://files.pythonhosted.org/packages/49/b4/51fe890511f0f242d07cb1ebe6a5b6db417262b9d2568b460347c57d95cc/wcwidth-0.8.1.tar.gz", hash = "sha256:faf5b4a5366a72dc49cad48cdf21f52bdf63bdda995178e483ba247ff79089b9", size = 1466072, upload-time = "2026-06-08T05:57:23.146Z" }
wheels = [
    { url = "https://files.pythonhosted.org/packages/bd/6e/95b0e537de1f4d4301f76f944642c6da50d1511cc7b3d64dc418a66c7509/wcwidth-0.8.1-py3-none-any.whl", hash = "sha256:f453740b1e4a4f3291faa37944c555d71056c4da08d59809b307ef4feba695c8", size = 323092, upload-time = "2026-06-08T05:57:21.413Z" },
]
